
Microsoft Visual Studio Solution File, Format Version 12.00
# Visual Studio 15
VisualStudioVersion = 15.0.26430.6
MinimumVisualStudioVersion = 10.0.40219.1
Project("{2150E333-8FDC-42A3-9474-1A3956D46DE8}") = "Solution Items", "Solution Items", "{D7F3A023-E32E-484C-93CD-9EE7ABF20449}"
	ProjectSection(SolutionItems) = preProject
		Card.cs = Card.cs
		Customer.cs = Customer.cs
		Enums.cs = Enums.cs
		Ingredient.cs = Ingredient.cs
		MenuItem.cs = MenuItem.cs
		Order.cs = Order.cs
	EndProjectSection
EndProject
Global
	GlobalSection(SolutionProperties) = preSolution
		HideSolutionNode = FALSE
	EndGlobalSection
EndGlobal
